{
  "name": "track-your-day",
  "version": "0.1.0",
  "lockfileVersion": 1,
  "requires": true,
  "dependencies": {
    "@material-ui/core": {
      "version": "4.11.0",
      "resolved": "https://registry.yarnpkg.com/@material-ui/core/-/core-4.11.0.tgz",
      "integrity": "sha1-tpsm5FU8nlPyv68QU+IWoK+b4Vo= sha512-bYo9uIub8wGhZySHqLQ833zi4ZML+XCBE1XwJ8EuUVSpTWWG57Pm+YugQToJNFsEyiKFhPh8DPD0bgupz8n01g=="
    },
    "@material-ui/icons": {
      "version": "4.9.1",
      "resolved": "https://registry.yarnpkg.com/@material-ui/icons/-/icons-4.9.1.tgz",
      "integrity": "sha1-/erfjLPYkgiUWzPbxQx8YW0L1mU= sha512-GBitL3oBWO0hzBhvA9KxqcowRUsA0qzwKkURyC8nppnC3fw54KPKZ+d4V1Eeg/UnDRSzDaI9nGCdel/eh9AQMg=="
    },
    "@material-ui/lab": {
      "version": "4.0.0-alpha.56",
      "resolved": "https://registry.yarnpkg.com/@material-ui/lab/-/lab-4.0.0-alpha.56.tgz",
      "integrity": "sha1-/2MICUm1W0BiXgVrvaBeEw0hbTQ= sha512-xPlkK+z/6y/24ka4gVJgwPfoCF4RCh8dXb1BNE7MtF9bXEBLN/lBxNTK8VAa0qm3V2oinA6xtUIdcRh0aeRtVw=="
    },
    "@popperjs/core": {
      "version": "2.4.4",
      "resolved": "https://registry.yarnpkg.com/@popperjs/core/-/core-2.4.4.tgz",
      "integrity": "sha1-EdXbGb0XiTbsic2EUZxN5DlXQ5g= sha512-1oO6+dN5kdIA3sKPZhRGJTfGVP4SWV6KqlMOwry4J3HfyD68sl/3KmG7DeYUzvN+RbhXDnv/D8vNNB8168tAMg=="
    },
    "@testing-library/jest-dom": {
      "version": "4.2.4",
      "resolved": "https://registry.yarnpkg.com/@testing-library/jest-dom/-/jest-dom-4.2.4.tgz",
      "integrity": "sha1-AN+gy92DfZo8Kn8/CiSOpue4l0I= sha512-j31Bn0rQo12fhCWOUWy9fl7wtqkp7In/YP2p5ZFyRuiiB9Qs3g+hS4gAmDWONbAHcRmVooNJ5eOHQDCOmUFXHg==",
      "requires": {
        "@babel/runtime": "^7.5.1"
      },
      "dependencies": {
        "@babel/runtime": {
          "version": "7.10.5",
          "resolved": "https://registry.yarnpkg.com/@babel/runtime/-/runtime-7.10.5.tgz",
          "integrity": "sha1-MD2L1EDs1aSR6uYRf9M2dphnTFw= sha512-otddXKhdNn7d0ptoFRHtMLa8LqDxLYwTjB4nYgM1yy5N6gU/MUf8zqyyLltCH3yAVitBzmwK4us+DD0l/MauAg=="
        }
      }
    },
    "@testing-library/react": {
      "version": "9.5.0",
      "resolved": "https://registry.yarnpkg.com/@testing-library/react/-/react-9.5.0.tgz",
      "integrity": "sha1-cVMWVaeJC2Hnehs5RS++3wRyyl4= sha512-di1b+D0p+rfeboHO5W7gTVeZDIK5+maEgstrZbWZSSvxDyfDRkkyBE1AJR5Psd6doNldluXlCWqXriUfqu/9Qg==",
      "requires": {
        "@babel/runtime": "^7.8.4"
      },
      "dependencies": {
        "@babel/runtime": {
          "version": "7.9.0",
          "resolved": "https://registry.yarnpkg.com/@babel/runtime/-/runtime-7.9.0.tgz",
          "integrity": "sha1-M37aZ0AfWwZqbyBaMRPUrBi6SVs= sha512-cTIudHnzuWLS56ik4DnRnqqNf8MkdUzV4iFFI1h7Jo9xvrpQROYaAnaSd2mHLQAzzZAPfATynX5ord6YlNYNMA=="
        }
      }
    },
    "@testing-library/user-event": {
      "version": "7.2.1",
      "resolved": "https://registry.yarnpkg.com/@testing-library/user-event/-/user-event-7.2.1.tgz",
      "integrity": "sha1-KtToRBdaNzjLnnBkvl6gcLiGOhw= sha512-oZ0Ib5I4Z2pUEcoo95cT1cr6slco9WY7yiPpG+RGNkj8YcYgJnM7pXmYmorNOReh8MIGcKSqXyeGjxnr8YiZbA=="
    },
    "gh-pages": {
      "version": "3.1.0",
      "resolved": "https://registry.yarnpkg.com/gh-pages/-/gh-pages-3.1.0.tgz",
      "integrity": "sha1-7D7Q9qbj/D2Ih1j6AY8IGRyWvVU= sha512-3b1rly9kuf3/dXsT8+ZxP0UhNLOo1CItj+3e31yUVcaph/yDsJ9RzD7JOw5o5zpBTJVQLlJAASNkUfepi9fe2w==",
      "requires": {
        "find-cache-dir": "^3.3.1"
      },
      "dependencies": {
        "find-cache-dir": {
          "version": "3.3.1",
          "resolved": "https://registry.yarnpkg.com/find-cache-dir/-/find-cache-dir-3.3.1.tgz",
          "integrity": "sha1-ibM/rUpGcNqpT4Vff74x1thP6IA= sha512-t2GDMt3oGC/v+BMwzmllWDuJF/xcDtE5j/fCGbqDD7OLuJkj0cfh1YSA5VKPvwMeLFLNDBkwOKZ2X85jGLVftQ==",
          "requires": {
            "make-dir": "^3.0.2",
            "pkg-dir": "^4.1.0"
          }
        },
        "find-up": {
          "version": "4.1.0",
          "resolved": "https://registry.yarnpkg.com/find-up/-/find-up-4.1.0.tgz",
          "integrity": "sha1-l6/n1s3AvFkoWEt8jXsW6KmqXRk= sha512-PpOwAdQ/YlXQ2vj8a3h8IipDuYRi3wceVQQGYWxNINccq40Anw7BlsEXCMbt1Zt+OLA6Fq9suIpIWD0OsnISlw==",
          "requires": {
            "locate-path": "^5.0.0",
            "path-exists": "^4.0.0"
          }
        },
        "locate-path": {
          "version": "5.0.0",
          "resolved": "https://registry.yarnpkg.com/locate-path/-/locate-path-5.0.0.tgz",
          "integrity": "sha1-Gvujlq/WdqbUJQTQpno6frn2KqA= sha512-t7hw9pI+WvuwNJXwk5zVHpyhIqzg2qTlklJOf0mVxGSbe3Fp2VieZcduNYjaLDoy6p9uGpQEGWG87WpMKlNq8g==",
          "requires": {
            "p-locate": "^4.1.0"
          }
        },
        "make-dir": {
          "version": "3.0.2",
          "resolved": "https://registry.yarnpkg.com/make-dir/-/make-dir-3.0.2.tgz",
          "integrity": "sha1-BKGsvyIiHh1u9DVZ9D4FqQ27Q5I= sha512-rYKABKutXa6vXTXhoV18cBE7PaewPXHe/Bdq4v+ZLMhxbWApkFFplT0LcbMW+6BbjnQXzZ/sAvSE/JdguApG5w==",
          "requires": {
            "semver": "^6.0.0"
          }
        },
        "p-locate": {
          "version": "4.1.0",
          "resolved": "https://registry.yarnpkg.com/p-locate/-/p-locate-4.1.0.tgz",
          "integrity": "sha1-o0KLtwiLOmApL2aRkni3wpetTwc= sha512-R79ZZ/0wAxKGu3oYMlz8jy/kbhsNrS7SKZ7PxEHBgJ5+F2mtFW2fK2cOtBh1cHYkQsbzFV7I+EoRKe6Yt0oK7A=="
        },
        "path-exists": {
          "version": "4.0.0",
          "resolved": "https://registry.yarnpkg.com/path-exists/-/path-exists-4.0.0.tgz",
          "integrity": "sha1-UTvb4tO5XXdi6METfvoZXGxhtbM= sha512-ak9Qy5Q7jYb2Wwcey5Fpvg2KoAc/ZIhLSLOSBmRmygPsGwkVVt0fZa0qrtMz+m6tJTAHfZQ8FnmB4MG4LWy7/w=="
        },
        "pkg-dir": {
          "version": "4.2.0",
          "resolved": "https://registry.yarnpkg.com/pkg-dir/-/pkg-dir-4.2.0.tgz",
          "integrity": "sha1-8JkTPfft5CLoHR2ESCcO6z5CYfM= sha512-HRDzbaKjC+AOWVXxAU/x54COGeIv9eb+6CkDSQoNTt4XyWoIJvuPsXizxu/Fr23EiekbtZwmh1IcIG/l/a10GQ==",
          "requires": {
            "find-up": "^4.0.0"
          }
        },
        "semver": {
          "version": "6.3.0",
          "resolved": "https://registry.yarnpkg.com/semver/-/semver-6.3.0.tgz",
          "integrity": "sha1-7gpkyK9ejO6mdoexM3YeG+y9HT0= sha512-b39TBaTSfV6yBrapU89p5fKekE2m/NwnDocOVruQFS1/veMgdzuPcnOM34M6CwxW8jH/lxEa5rBoDeUwu5HHTw=="
        }
      }
    },
    "masonic": {
      "version": "3.3.3",
      "resolved": "https://registry.yarnpkg.com/masonic/-/masonic-3.3.3.tgz",
      "integrity": "sha1-pIIKgrvR81P6S669dbXHvfhJLD4= sha512-10Xy8YLJ+lisMvlzmu10DN+VMHZv9Bog3a/I70SuG2pJIQvQVvp9CD2KEf7Q9l5/MN+2FMnWeZG3B9VVo7qd2w=="
    },
    "react": {
      "version": "16.13.1",
      "resolved": "https://registry.yarnpkg.com/react/-/react-16.13.1.tgz",
      "integrity": "sha1-LoGIIvGpdDEiwGPWQQ2FweOv5I4= sha512-YMZQQq32xHLX0bz5Mnibv1/LHb3Sqzngu7xstSM+vrkE5Kzr9xE0yMByK5kMoTK30YVJE61WfbxIFFvfeDKT1w=="
    },
    "react-charts": {
      "version": "2.0.0-beta.7",
      "resolved": "https://registry.yarnpkg.com/react-charts/-/react-charts-2.0.0-beta.7.tgz",
      "integrity": "sha1-zJidePl23HB5avOvgWh0J08Mdb4= sha512-iUspg9rnx7kD0H/wsK67HNUioOgKgJ8WRXr/Tk3EGP2qcFb9Vo7pjDk4oz1jH12TC+mqL+HFxNYraMkhWd6CUw=="
    },
    "react-dom": {
      "version": "16.13.1",
      "resolved": "https://registry.yarnpkg.com/react-dom/-/react-dom-16.13.1.tgz",
      "integrity": "sha1-wb03MxoEhsB47lTEdAcgmTsuDn8= sha512-81PIMmVLnCNLO/fFOQxdQkvEq/+Hfpv24XNJfpyZhTRfO0QcmQIF/PgCa1zCOj2w1hrn12MFLyaJ/G0+Mxtfag=="
    },
    "react-router": {
      "version": "5.2.0",
      "resolved": "https://registry.yarnpkg.com/react-router/-/react-router-5.2.0.tgz",
      "integrity": "sha1-Qk51ZByodH+/duXsyml4GqN+opM= sha512-smz1DUuFHRKdcJC0jobGo8cVbhO3x50tCL4icacOlcwDOEQPq4TMqwx3sY1TP+DvtTgz4nm3thuo7A+BK2U0Dw=="
    },
    "react-router-dom": {
      "version": "5.2.0",
      "resolved": "https://registry.yarnpkg.com/react-router-dom/-/react-router-dom-5.2.0.tgz",
      "integrity": "sha1-nmWk0MReEyieZsexfH4XXQ6hVmI= sha512-gxAmfylo2QUjcwxI63RhQ5G85Qqt4voZpUXSEqCwykV0baaOTQDR1f0PmY8AELqIyVc0NEZUj0Gov5lNGcXgsA==",
      "requires": {
        "react-router": "5.2.0"
      }
    },
    "react-scripts": {
      "version": "3.4.1",
      "resolved": "https://registry.yarnpkg.com/react-scripts/-/react-scripts-3.4.1.tgz",
      "integrity": "sha1-9VEpi1xxmFzEkbms88jowK462go= sha512-JpTdi/0Sfd31mZA6Ukx+lq5j1JoKItX7qqEK4OiACjVQletM1P38g49d9/D0yTxp9FrSF+xpJFStkGgKEIRjlQ==",
      "requires": {
        "resolve": "1.15.0",
        "semver": "6.3.0"
      },
      "dependencies": {
        "resolve": {
          "version": "1.15.0",
          "resolved": "https://registry.yarnpkg.com/resolve/-/resolve-1.15.0.tgz",
          "integrity": "sha1-G3ypYHPrtS50H/15n2s56kYsZ/U= sha512-+hTmAldEGE80U2wJJDC1lebb5jWqvTYAfm3YZ1ckk1gBr0MnCqUKlwK1e+anaFljIl+F5tR5IoZcm4ZDA1zMQw=="
        },
        "semver": {
          "version": "6.3.0",
          "resolved": "https://registry.yarnpkg.com/semver/-/semver-6.3.0.tgz",
          "integrity": "sha1-7gpkyK9ejO6mdoexM3YeG+y9HT0= sha512-b39TBaTSfV6yBrapU89p5fKekE2m/NwnDocOVruQFS1/veMgdzuPcnOM34M6CwxW8jH/lxEa5rBoDeUwu5HHTw=="
        }
      }
    },
    "react-use-heroku": {
      "version": "1.0.6",
      "resolved": "https://registry.yarnpkg.com/react-use-heroku/-/react-use-heroku-1.0.6.tgz",
      "integrity": "sha1-17srY+Ar6xIKHa9gELOmH/SDZoI= sha512-lDt2CgBSlOSU6ehv5FVLjPgnNoSek4TqywFoeRddBzPXloMRIGQQ17IthcnVyQhDyNWHI98i3oOGJ19plcy5xg=="
    }
  }
}
